{
  "pins" : [
    {
      "identity" : "bezelnotification",
      "kind" : "remoteSourceControl",
      "location" : "https://github.com/sidevesh/BezelNotification.git",
      "state" : {
        "branch" : "master",
        "revision" : "3b4c960ba888c5bd6ceda6e26616248c81f255f4"
      }
    },
    {
      "identity" : "swift-cross-kit-types",
      "kind" : "remoteSourceControl",
      "location" : "https://github.com/RougeWare/Swift-Cross-Kit-Types.git",
      "state" : {
        "revision" : "d64faa8d5e988352dff45e03a13da4f90c3a70e5",
        "version" : "1.0.0"
      }
    },
    {
      "identity" : "swift-function-tools",
      "kind" : "remoteSourceControl",
      "location" : "https://github.com/RougeWare/Swift-Function-Tools.git",
      "state" : {
        "revision" : "a854f4ed89b7e404019b5a09d24e067acc15432d",
        "version" : "1.2.4"
      }
    }
  ],
  "version" : 2
}
